// !$*UTF8*$!
{
	archiveVersion = 1;
	classes = {
	};
	objectVersion = 46;
	objects = {

/* Begin PBXBuildFile section */
		E36671801F183A8F007C6B2B /* AppDelegate.swift in Sources */ = {isa = PBXBuildFile; fileRef = E366717F1F183A8F007C6B2B /* AppDelegate.swift */; };
		E36671821F183A8F007C6B2B /* FirstViewController.swift in Sources */ = {isa = PBXBuildFile; fileRef = E36671811F183A8F007C6B2B /* FirstViewController.swift */; };
		E36671841F183A8F007C6B2B /* SecondViewController.swift in Sources */ = {isa = PBXBuildFile; fileRef = E36671831F183A8F007C6B2B /* SecondViewController.swift */; };
		E36671871F183A8F007C6B2B /* Main.storyboard in Resources */ = {isa = PBXBuildFile; fileRef = E36671851F183A8F007C6B2B /* Main.storyboard */; };
		E36671891F183A8F007C6B2B /* Assets.xcassets in Resources */ = {isa = PBXBuildFile; fileRef = E36671881F183A8F007C6B2B /* Assets.xcassets */; };
		E366718C1F183A8F007C6B2B /* LaunchScreen.storyboard in Resources */ = {isa = PBXBuildFile; fileRef = E366718A1F183A8F007C6B2B /* LaunchScreen.storyboard */; };
		E36671971F183A90007C6B2B /* BazaarTests.swift in Sources */ = {isa = PBXBuildFile; fileRef = E36671961F183A90007C6B2B /* BazaarTests.swift */; };
		E36671A21F183A90007C6B2B /* BazaarUITests.swift in Sources */ = {isa = PBXBuildFile; fileRef = E36671A11F183A90007C6B2B /* BazaarUITests.swift */; };
/* End PBXBuildFile section */

/* Begin PBXContainerItemProxy section */
		E36671931F183A90007C6B2B /* PBXContainerItemProxy */ = {
			isa = PBXContainerItemProxy;
			containerPortal = E36671741F183A8F007C6B2B /* Project object */;
			proxyType = 1;
			remoteGlobalIDString = E366717B1F183A8F007C6B2B;
			remoteInfo = Bazaar;
		};
		E366719E1F183A90007C6B2B /* PBXContainerItemProxy */ = {
			isa = PBXContainerItemProxy;
			containerPortal = E36671741F183A8F007C6B2B /* Project object */;
			proxyType = 1;
			remoteGlobalIDString = E366717B1F183A8F007C6B2B;
			remoteInfo = Bazaar;
		};
/* End PBXContainerItemProxy section */

/* Begin PBXFileReference section */
		E366717C1F183A8F007C6B2B /* Bazaar.app */ = {isa = PBXFileReference; explicitFileType = wrapper.application; includeInIndex = 0; path = Bazaar.app; sourceTree = BUILT_PRODUCTS_DIR; };
		E366717F1F183A8F007C6B2B /* AppDelegate.swift */ = {isa = PBXFileReference; lastKnownFileType = sourcecode.swift; path = AppDelegate.swift; sourceTree = "<group>"; };
		E36671811F183A8F007C6B2B /* FirstViewController.swift */ = {isa = PBXFileReference; lastKnownFileType = sourcecode.swift; path = FirstViewController.swift; sourceTree = "<group>"; };
		E36671831F183A8F007C6B2B /* SecondViewController.swift */ = {isa = PBXFileReference; lastKnownFileType = sourcecode.swift; path = SecondViewController.swift; sourceTree = "<group>"; };
		E36671861F183A8F007C6B2B /* Base */ = {isa = PBXFileReference; lastKnownFileType = file.storyboard; name = Base; path = Base.lproj/Main.storyboard; sourceTree = "<group>"; };
		E36671881F183A8F007C6B2B /* Assets.xcassets */ = {isa = PBXFileReference; lastKnownFileType = folder.assetcatalog; path = Assets.xcassets; sourceTree = "<group>"; };
		E366718B1F183A8F007C6B2B /* Base */ = {isa = PBXFileReference; lastKnownFileType = file.storyboard; name = Base; path = Base.lproj/LaunchScreen.storyboard; sourceTree = "<group>"; };
		E366718D1F183A8F007C6B2B /* Info.plist */ = {isa = PBXFileReference; lastKnownFileType = text.plist.xml; path = Info.plist; sourceTree = "<group>"; };
		E36671921F183A90007C6B2B /* BazaarTests.xctest */ = {isa = PBXFileReference; explicitFileType = wrapper.cfbundle; includeInIndex = 0; path = BazaarTests.xctest; sourceTree = BUILT_PRODUCTS_DIR; };
		E36671961F183A90007C6B2B /* BazaarTests.swift */ = {isa = PBXFileReference; lastKnownFileType = sourcecode.swift; path = BazaarTests.swift; sourceTree = "<group>"; };
		E36671981F183A90007C6B2B /* Info.plist */ = {isa = PBXFileReference; lastKnownFileType = text.plist.xml; path = Info.plist; sourceTree = "<group>"; };
		E366719D1F183A90007C6B2B /* BazaarUITests.xctest */ = {isa = PBXFileReference; explicitFileType = wrapper.cfbundle; includeInIndex = 0; path = BazaarUITests.xctest; sourceTree = BUILT_PRODUCTS_DIR; };
		E36671A11F183A90007C6B2B /* BazaarUITests.swift */ = {isa = PBXFileReference; lastKnownFileType = sourcecode.swift; path = BazaarUITests.swift; sourceTree = "<group>"; };
		E36671A31F183A90007C6B2B /* Info.plist */ = {isa = PBXFileReference; lastKnownFileType = text.plist.xml; path = Info.plist; sourceTree = "<group>"; };
/* End PBXFileReference section */

/* Begin PBXFrameworksBuildPhase section */
		E36671791F183A8F007C6B2B /* Frameworks */ = {
			isa = PBXFrameworksBuildPhase;
			buildActionMask = 2147483647;
			files = (
			);
			runOnlyForDeploymentPostprocessing = 0;
		};
		E366718F1F183A90007C6B2B /* Frameworks */ = {
			isa = PBXFrameworksBuildPhase;
			buildActionMask = 2147483647;
			files = (
			);
			runOnlyForDeploymentPostprocessing = 0;
		};
		E366719A1F183A90007C6B2B /* Frameworks */ = {
			isa = PBXFrameworksBuildPhase;
			buildActionMask = 2147483647;
			files = (
			);
			runOnlyForDeploymentPostprocessing = 0;
		};
/* End PBXFrameworksBuildPhase section */

/* Begin PBXGroup section */
		E36671731F183A8F007C6B2B = {
			isa = PBXGroup;
			children = (
				E366717E1F183A8F007C6B2B /* Bazaar */,
				E36671951F183A90007C6B2B /* BazaarTests */,
				E36671A01F183A90007C6B2B /* BazaarUITests */,
				E366717D1F183A8F007C6B2B /* Products */,
			);
			sourceTree = "<group>";
		};
		E366717D1F183A8F007C6B2B /* Products */ = {
			isa = PBXGroup;
			children = (
				E366717C1F183A8F007C6B2B /* Bazaar.app */,
				E36671921F183A90007C6B2B /* BazaarTests.xctest */,
				E366719D1F183A90007C6B2B /* BazaarUITests.xctest */,
			);
			name = Products;
			sourceTree = "<group>";
		};
		E366717E1F183A8F007C6B2B /* Bazaar */ = {
			isa = PBXGroup;
			children = (
				E366717F1F183A8F007C6B2B /* AppDelegate.swift */,
				E36671811F183A8F007C6B2B /* FirstViewController.swift */,
				E36671831F183A8F007C6B2B /* SecondViewController.swift */,
				E36671851F183A8F007C6B2B /* Main.storyboard */,
				E36671881F183A8F007C6B2B /* Assets.xcassets */,
				E366718A1F183A8F007C6B2B /* LaunchScreen.storyboard */,
				E366718D1F183A8F007C6B2B /* Info.plist */,
			);
			path = Bazaar;
			sourceTree = "<group>";
		};
		E36671951F183A90007C6B2B /* BazaarTests */ = {
			isa = PBXGroup;
			children = (
				E36671961F183A90007C6B2B /* BazaarTests.swift */,
				E36671981F183A90007C6B2B /* Info.plist */,
			);
			path = BazaarTests;
			sourceTree = "<group>";
		};
		E36671A01F183A90007C6B2B /* BazaarUITests */ = {
			isa = PBXGroup;
			children = (
				E36671A11F183A90007C6B2B /* BazaarUITests.swift */,
				E36671A31F183A90007C6B2B /* Info.plist */,
			);
			path = BazaarUITests;
			sourceTree = "<group>";
		};
/* End PBXGroup section */

/* Begin PBXNativeTarget section */
		E366717B1F183A8F007C6B2B /* Bazaar */ = {
			isa = PBXNativeTarget;
			buildConfigurationList = E36671A61F183A90007C6B2B /* Build configuration list for PBXNativeTarget "Bazaar" */;
			buildPhases = (
				E36671781F183A8F007C6B2B /* Sources */,
				E36671791F183A8F007C6B2B /* Frameworks */,
				E366717A1F183A8F007C6B2B /* Resources */,
			);
			buildRules = (
			);
			dependencies = (
			);
			name = Bazaar;
			productName = Bazaar;
			productReference = E366717C1F183A8F007C6B2B /* Bazaar.app */;
			productType = "com.apple.product-type.application";
		};
		E36671911F183A90007C6B2B /* BazaarTests */ = {
			isa = PBXNativeTarget;
			buildConfigurationList = E36671A91F183A90007C6B2B /* Build configuration list for PBXNativeTarget "BazaarTests" */;
			buildPhases = (
				E366718E1F183A90007C6B2B /* Sources */,
				E366718F1F183A90007C6B2B /* Frameworks */,
				E36671901F183A90007C6B2B /* Resources */,
			);
			buildRules = (
			);
			dependencies = (
				E36671941F183A90007C6B2B /* PBXTargetDependency */,
			);
			name = BazaarTests;
			productName = BazaarTests;
			productReference = E36671921F183A90007C6B2B /* BazaarTests.xctest */;
			productType = "com.apple.product-type.bundle.unit-test";
		};
		E366719C1F183A90007C6B2B /* BazaarUITests */ = {
			isa = PBXNativeTarget;
			buildConfigurationList = E36671AC1F183A90007C6B2B /* Build configuration list for PBXNativeTarget "BazaarUITests" */;
			buildPhases = (
				E36671991F183A90007C6B2B /* Sources */,
				E366719A1F183A90007C6B2B /* Frameworks */,
				E366719B1F183A90007C6B2B /* Resources */,
			);
			buildRules = (
			);
			dependencies = (
				E366719F1F183A90007C6B2B /* PBXTargetDependency */,
			);
			name = BazaarUITests;
			productName = BazaarUITests;
			productReference = E366719D1F183A90007C6B2B /* BazaarUITests.xctest */;
			productType = "com.apple.product-type.bundle.ui-testing";
		};
/* End PBXNativeTarget section */

/* Begin PBXProject section */
		E36671741F183A8F007C6B2B /* Project object */ = {
			isa = PBXProject;
			attributes = {
				LastSwiftUpdateCheck = 0820;
				LastUpgradeCheck = 0820;
				ORGANIZATIONNAME = "Kostya Dombrovski";
				TargetAttributes = {
					E366717B1F183A8F007C6B2B = {
						CreatedOnToolsVersion = 8.2.1;
						ProvisioningStyle = Automatic;
					};
					E36671911F183A90007C6B2B = {
						CreatedOnToolsVersion = 8.2.1;
						ProvisioningStyle = Automatic;
						TestTargetID = E366717B1F183A8F007C6B2B;
					};
					E366719C1F183A90007C6B2B = {
						CreatedOnToolsVersion = 8.2.1;
						ProvisioningStyle = Automatic;
						TestTargetID = E366717B1F183A8F007C6B2B;
					};
				};
			};
			buildConfigurationList = E36671771F183A8F007C6B2B /* Build configuration list for PBXProject "Bazaar" */;
			compatibilityVersion = "Xcode 3.2";
			developmentRegion = English;
			hasScannedForEncodings = 0;
			knownRegions = (
				en,
				Base,
			);
			mainGroup = E36671731F183A8F007C6B2B;
			productRefGroup = E366717D1F183A8F007C6B2B /* Products */;
			projectDirPath = "";
			projectRoot = "";
			targets = (
				E366717B1F183A8F007C6B2B /* Bazaar */,
				E36671911F183A90007C6B2B /* BazaarTests */,
				E366719C1F183A90007C6B2B /* BazaarUITests */,
			);
		};
/* End PBXProject section */

/* Begin PBXResourcesBuildPhase section */
		E366717A1F183A8F007C6B2B /* Resources */ = {
			isa = PBXResourcesBuildPhase;
			buildActionMask = 2147483647;
			files = (
				E366718C1F183A8F007C6B2B /* LaunchScreen.storyboard in Resources */,
				E36671891F183A8F007C6B2B /* Assets.xcassets in Resources */,
				E36671871F183A8F007C6B2B /* Main.storyboard in Resources */,
			);
			runOnlyForDeploymentPostprocessing = 0;
		};
		E36671901F183A90007C6B2B /* Resources */ = {
			isa = PBXResourcesBuildPhase;
			buildActionMask = 2147483647;
			files = (
			);
			runOnlyForDeploymentPostprocessing = 0;
		};
		E366719B1F183A90007C6B2B /* Resources */ = {
			isa = PBXResourcesBuildPhase;
			buildActionMask = 2147483647;
			files = (
			);
			runOnlyForDeploymentPostprocessing = 0;
		};
/* End PBXResourcesBuildPhase section */

/* Begin PBXSourcesBuildPhase section */
		E36671781F183A8F007C6B2B /* Sources */ = {
			isa = PBXSourcesBuildPhase;
			buildActionMask = 2147483647;
			files = (
				E36671841F183A8F007C6B2B /* SecondViewController.swift in Sources */,
				E36671801F183A8F007C6B2B /* AppDelegate.swift in Sources */,
				E36671821F183A8F007C6B2B /* FirstViewController.swift in Sources */,
			);
			runOnlyForDeploymentPostprocessing = 0;
		};
		E366718E1F183A90007C6B2B /* Sources */ = {
			isa = PBXSourcesBuildPhase;
			buildActionMask = 2147483647;
			files = (
				E36671971F183A90007C6B2B /* BazaarTests.swift in Sources */,
			);
			runOnlyForDeploymentPostprocessing = 0;
		};
		E36671991F183A90007C6B2B /* Sources */ = {
			isa = PBXSourcesBuildPhase;
			buildActionMask = 2147483647;
			files = (
				E36671A21F183A90007C6B2B /* BazaarUITests.swift in Sources */,
			);
			runOnlyForDeploymentPostprocessing = 0;
		};
/* End PBXSourcesBuildPhase section */

/* Begin PBXTargetDependency section */
		E36671941F183A90007C6B2B /* PBXTargetDependency */ = {
			isa = PBXTargetDependency;
			target = E366717B1F183A8F007C6B2B /* Bazaar */;
			targetProxy = E36671931F183A90007C6B2B /* PBXContainerItemProxy */;
		};
		E366719F1F183A90007C6B2B /* PBXTargetDependency */ = {
			isa = PBXTargetDependency;
			target = E366717B1F183A8F007C6B2B /* Bazaar */;
			targetProxy = E366719E1F183A90007C6B2B /* PBXContainerItemProxy */;
		};
/* End PBXTargetDependency section */

/* Begin PBXVariantGroup section */
		E36671851F183A8F007C6B2B /* Main.storyboard */ = {
			isa = PBXVariantGroup;
			children = (
				E36671861F183A8F007C6B2B /* Base */,
			);
			name = Main.storyboard;
			sourceTree = "<group>";
		};
		E366718A1F183A8F007C6B2B /* LaunchScreen.storyboard */ = {
			isa = PBXVariantGroup;
			children = (
				E366718B1F183A8F007C6B2B /* Base */,
			);
			name = LaunchScreen.storyboard;
			sourceTree = "<group>";
		};
/* End PBXVariantGroup section */

/* Begin XCBuildConfiguration section */
		E36671A41F183A90007C6B2B /* Debug */ = {
			isa = XCBuildConfiguration;
			buildSettings = {
				ALWAYS_SEARCH_USER_PATHS = NO;
				CLANG_ANALYZER_NONNULL = YES;
				CLANG_CXX_LANGUAGE_STANDARD = "gnu++0x";
				CLANG_CXX_LIBRARY = "libc++";
				CLANG_ENABLE_MODULES = YES;
				CLANG_ENABLE_OBJC_ARC = YES;
				CLANG_WARN_BOOL_CONVERSION = YES;
				CLANG_WARN_CONSTANT_CONVERSION = YES;
				CLANG_WARN_DIRECT_OBJC_ISA_USAGE = YES_ERROR;
				CLANG_WARN_DOCUMENTATION_COMMENTS = YES;
				CLANG_WARN_EMPTY_BODY = YES;
				CLANG_WARN_ENUM_CONVERSION = YES;
				CLANG_WARN_INFINITE_RECURSION = YES;
				CLANG_WARN_INT_CONVERSION = YES;
				CLANG_WARN_OBJC_ROOT_CLASS = YES_ERROR;
				CLANG_WARN_SUSPICIOUS_MOVE = YES;
				CLANG_WARN_UNREACHABLE_CODE = YES;
				CLANG_WARN__DUPLICATE_METHOD_MATCH = YES;
				"CODE_SIGN_IDENTITY[sdk=iphoneos*]" = "iPhone Developer";
				COPY_PHASE_STRIP = NO;
				DEBUG_INFORMATION_FORMAT = dwarf;
				ENABLE_STRICT_OBJC_MSGSEND = YES;
				ENABLE_TESTABILITY = YES;
				GCC_C_LANGUAGE_STANDARD = gnu99;
				GCC_DYNAMIC_NO_PIC = NO;
				GCC_NO_COMMON_BLOCKS = YES;
				GCC_OPTIMIZATION_LEVEL = 0;
				GCC_PREPROCESSOR_DEFINITIONS = (
					"DEBUG=1",
					"$(inherited)",
				);
				GCC_WARN_64_TO_32_BIT_CONVERSION = YES;
				GCC_WARN_ABOUT_RETURN_TYPE = YES_ERROR;
				GCC_WARN_UNDECLARED_SELECTOR = YES;
				GCC_WARN_UNINITIALIZED_AUTOS = YES_AGGRESSIVE;
				GCC_WARN_UNUSED_FUNCTION = YES;
				GCC_WARN_UNUSED_VARIABLE = YES;
				IPHONEOS_DEPLOYMENT_TARGET = 10.2;
				MTL_ENABLE_DEBUG_INFO = YES;
				ONLY_ACTIVE_ARCH = YES;
				SDKROOT = iphoneos;
				SWIFT_ACTIVE_COMPILATION_CONDITIONS = DEBUG;
				SWIFT_OPTIMIZATION_LEVEL = "-Onone";
				TARGETED_DEVICE_FAMILY = "1,2";
			};
			name = Debug;
		};
		E36671A51F183A90007C6B2B /* Release */ = {
			isa = XCBuildConfiguration;
			buildSettings = {
				ALWAYS_SEARCH_USER_PATHS = NO;
				CLANG_ANALYZER_NONNULL = YES;
				CLANG_CXX_LANGUAGE_STANDARD = "gnu++0x";
				CLANG_CXX_LIBRARY = "libc++";
				CLANG_ENABLE_MODULES = YES;
				CLANG_ENABLE_OBJC_ARC = YES;
				CLANG_WARN_BOOL_CONVERSION = YES;
				CLANG_WARN_CONSTANT_CONVERSION = YES;
				CLANG_WARN_DIRECT_OBJC_ISA_USAGE = YES_ERROR;
				CLANG_WARN_DOCUMENTATION_COMMENTS = YES;
				CLANG_WARN_EMPTY_BODY = YES;
				CLANG_WARN_ENUM_CONVERSION = YES;
				CLANG_WARN_INFINITE_RECURSION = YES;
				CLANG_WARN_INT_CONVERSION = YES;
				CLANG_WARN_OBJC_ROOT_CLASS = YES_ERROR;
				CLANG_WARN_SUSPICIOUS_MOVE = YES;
				CLANG_WARN_UNREACHABLE_CODE = YES;
				CLANG_WARN__DUPLICATE_METHOD_MATCH = YES;
				"CODE_SIGN_IDENTITY[sdk=iphoneos*]" = "iPhone Developer";
				COPY_PHASE_STRIP = NO;
				DEBUG_INFORMATION_FORMAT = "dwarf-with-dsym";
				ENABLE_NS_ASSERTIONS = NO;
				ENABLE_STRICT_OBJC_MSGSEND = YES;
				GCC_C_LANGUAGE_STANDARD = gnu99;
				GCC_NO_COMMON_BLOCKS = YES;
				GCC_WARN_64_TO_32_BIT_CONVERSION = YES;
				GCC_WARN_ABOUT_RETURN_TYPE = YES_ERROR;
				GCC_WARN_UNDECLARED_SELECTOR = YES;
				GCC_WARN_UNINITIALIZED_AUTOS = YES_AGGRESSIVE;
				GCC_WARN_UNUSED_FUNCTION = YES;
				GCC_WARN_UNUSED_VARIABLE = YES;
				IPHONEOS_DEPLOYMENT_TARGET = 10.2;
				MTL_ENABLE_DEBUG_INFO = NO;
				SDKROOT = iphoneos;
				SWIFT_OPTIMIZATION_LEVEL = "-Owholemodule";
				TARGETED_DEVICE_FAMILY = "1,2";
				VALIDATE_PRODUCT = YES;
			};
			name = Release;
		};
		E36671A71F183A90007C6B2B /* Debug */ = {
			isa = XCBuildConfiguration;
			buildSettings = {
				ASSETCATALOG_COMPILER_APPICON_NAME = AppIcon;
				INFOPLIST_FILE = Bazaar/Info.plist;
				LD_RUNPATH_SEARCH_PATHS = "$(inherited) @executable_path/Frameworks";
				PRODUCT_BUNDLE_IDENTIFIER = dombrovski.Bazaar;
				PRODUCT_NAME = "$(TARGET_NAME)";
				SWIFT_VERSION = 3.0;
			};
			name = Debug;
		};
		E36671A81F183A90007C6B2B /* Release */ = {
			isa = XCBuildConfiguration;
			buildSettings = {
				ASSETCATALOG_COMPILER_APPICON_NAME = AppIcon;
				INFOPLIST_FILE = Bazaar/Info.plist;
				LD_RUNPATH_SEARCH_PATHS = "$(inherited) @executable_path/Frameworks";
				PRODUCT_BUNDLE_IDENTIFIER = dombrovski.Bazaar;
				PRODUCT_NAME = "$(TARGET_NAME)";
				SWIFT_VERSION = 3.0;
			};
			name = Release;
		};
		E36671AA1F183A90007C6B2B /* Debug */ = {
			isa = XCBuildConfiguration;
			buildSettings = {
				ALWAYS_EMBED_SWIFT_STANDARD_LIBRARIES = YES;
				BUNDLE_LOADER = "$(TEST_HOST)";
				INFOPLIST_FILE = BazaarTests/Info.plist;
				LD_RUNPATH_SEARCH_PATHS = "$(inherited) @executable_path/Frameworks @loader_path/Frameworks";
				PRODUCT_BUNDLE_IDENTIFIER = dombrovski.BazaarTests;
				PRODUCT_NAME = "$(TARGET_NAME)";
				SWIFT_VERSION = 3.0;
				TEST_HOST = "$(BUILT_PRODUCTS_DIR)/Bazaar.app/Bazaar";
			};
			name = Debug;
		};
		E36671AB1F183A90007C6B2B /* Release */ = {
			isa = XCBuildConfiguration;
			buildSettings = {
				ALWAYS_EMBED_SWIFT_STANDARD_LIBRARIES = YES;
				BUNDLE_LOADER = "$(TEST_HOST)";
				INFOPLIST_FILE = BazaarTests/Info.plist;
				LD_RUNPATH_SEARCH_PATHS = "$(inherited) @executable_path/Frameworks @loader_path/Frameworks";
				PRODUCT_BUNDLE_IDENTIFIER = dombrovski.BazaarTests;
				PRODUCT_NAME = "$(TARGET_NAME)";
				SWIFT_VERSION = 3.0;
				TEST_HOST = "$(BUILT_PRODUCTS_DIR)/Bazaar.app/Bazaar";
			};
			name = Release;
		};
		E36671AD1F183A90007C6B2B /* Debug */ = {
			isa = XCBuildConfiguration;
			buildSettings = {
				ALWAYS_EMBED_SWIFT_STANDARD_LIBRARIES = YES;
				INFOPLIST_FILE = BazaarUITests/Info.plist;
				LD_RUNPATH_SEARCH_PATHS = "$(inherited) @executable_path/Frameworks @loader_path/Frameworks";
				PRODUCT_BUNDLE_IDENTIFIER = dombrovski.BazaarUITests;
				PRODUCT_NAME = "$(TARGET_NAME)";
				SWIFT_VERSION = 3.0;
				TEST_TARGET_NAME = Bazaar;
			};
			name = Debug;
		};
		E36671AE1F183A90007C6B2B /* Release */ = {
			isa = XCBuildConfiguration;
			buildSettings = {
				ALWAYS_EMBED_SWIFT_STANDARD_LIBRARIES = YES;
				INFOPLIST_FILE = BazaarUITests/Info.plist;
				LD_RUNPATH_SEARCH_PATHS = "$(inherited) @executable_path/Frameworks @loader_path/Frameworks";
				PRODUCT_BUNDLE_IDENTIFIER = dombrovski.BazaarUITests;
				PRODUCT_NAME = "$(TARGET_NAME)";
				SWIFT_VERSION = 3.0;
				TEST_TARGET_NAME = Bazaar;
			};
			name = Release;
		};
/* End XCBuildConfiguration section */

/* Begin XCConfigurationList section */
		E36671771F183A8F007C6B2B /* Build configuration list for PBXProject "Bazaar" */ = {
			isa = XCConfigurationList;
			buildConfigurations = (
				E36671A41F183A90007C6B2B /* Debug */,
				E36671A51F183A90007C6B2B /* Release */,
			);
			defaultConfigurationIsVisible = 0;
			defaultConfigurationName = Release;
		};
		E36671A61F183A90007C6B2B /* Build configuration list for PBXNativeTarget "Bazaar" */ = {
			isa = XCConfigurationList;
			buildConfigurations = (
				E36671A71F183A90007C6B2B /* Debug */,
				E36671A81F183A90007C6B2B /* Release */,
			);
			defaultConfigurationIsVisible = 0;
		};
		E36671A91F183A90007C6B2B /* Build configuration list for PBXNativeTarget "BazaarTests" */ = {
			isa = XCConfigurationList;
			buildConfigurations = (
				E36671AA1F183A90007C6B2B /* Debug */,
				E36671AB1F183A90007C6B2B /* Release */,
			);
			defaultConfigurationIsVisible = 0;
		};
		E36671AC1F183A90007C6B2B /* Build configuration list for PBXNativeTarget "BazaarUITests" */ = {
			isa = XCConfigurationList;
			buildConfigurations = (
				E36671AD1F183A90007C6B2B /* Debug */,
				E36671AE1F183A90007C6B2B /* Release */,
			);
			defaultConfigurationIsVisible = 0;
		};
/* End XCConfigurationList section */
	};
	rootObject = E36671741F183A8F007C6B2B /* Project object */;
}
